
Microsoft Visual Studio Solution File, Format Version 9.00
# Visual Studio 2005
Project("{8BC9CEB8-8B4A-11D0-8D11-00A0C91BC942}") = "AI_AsynchronousOneBufferedAI", "AI_AsynchronousOneBufferedAI\AsynchronousOneBufferedAI.vcproj", "{157060EC-6517-4A46-9E3F-63D7C5DFB7B1}"
EndProject
Project("{8BC9CEB8-8B4A-11D0-8D11-00A0C91BC942}") = "AI_StreamingAI", "AI_StreamingAI\StreamingAI.vcproj", "{B3309E7B-285D-44E1-A8DE-1B7085CDD3FC}"
EndProject
Project("{8BC9CEB8-8B4A-11D0-8D11-00A0C91BC942}") = "AO_AsynchronousOneWaveformAO", "AO_AsynchronousOneWaveformAO\AsynchronousOneWaveformAO.vcproj", "{15C2A02F-7077-4039-9FEC-1CBDD6F68F8D}"
EndProject
Project("{8BC9CEB8-8B4A-11D0-8D11-00A0C91BC942}") = "AO_StaticAO", "AO_StaticAO\StaticAO.vcproj", "{F71141AC-9373-4178-B8E5-16A84BC0D1C0}"
EndProject
Project("{8BC9CEB8-8B4A-11D0-8D11-00A0C91BC942}") = "AO_StreamingAO", "AO_StreamingAO\StreamingAO.vcproj", "{D209BE24-57A4-4E59-9402-AC27A0EB9F2B}"
EndProject
Project("{8BC9CEB8-8B4A-11D0-8D11-00A0C91BC942}") = "AO_SynchronousOneWaveformAO", "AO_SynchronousOneWaveformAO\SynchronousOneWaveformAO.vcproj", "{D9C5BD2A-8403-455E-8DF6-FBACAAD6FE55}"
EndProject
Project("{8BC9CEB8-8B4A-11D0-8D11-00A0C91BC942}") = "Counter_DelayedPulseGeneration", "Counter_DelayedPulseGeneration\DelayedPulseGeneration.vcproj", "{50553DD2-618B-4CC6-A899-6FE782124C50}"
EndProject
Project("{8BC9CEB8-8B4A-11D0-8D11-00A0C91BC942}") = "Counter_EventCounter", "Counter_EventCounter\EventCounter.vcproj", "{A1547A94-9B2F-4394-B733-53EF039E8214}"
EndProject
Project("{8BC9CEB8-8B4A-11D0-8D11-00A0C91BC942}") = "Counter_FrequencyMeasurement", "Counter_FrequencyMeasurement\FrequencyMeasurement.vcproj", "{7DE54497-DD7A-4E1F-A7BA-E27B0DF45C0C}"
EndProject
Project("{8BC9CEB8-8B4A-11D0-8D11-00A0C91BC942}") = "Counter_PulseOutputwithTimerInterrupt", "Counter_PulseOutputwithTimerInterrupt\PulseOutputwithTimerInterrupt.vcproj", "{875D6FCA-6845-4F77-B854-091F4DBC057B}"
EndProject
Project("{8BC9CEB8-8B4A-11D0-8D11-00A0C91BC942}") = "Counter_PulseWidthMeasurement", "Counter_PulseWidthMeasurement\PulseWidthMeasurement.vcproj", "{BB71800E-7C4F-48F0-B427-839F9798593C}"
EndProject
Project("{8BC9CEB8-8B4A-11D0-8D11-00A0C91BC942}") = "Counter_PWMOutput", "Counter_PWMOutput\PWMOutput.vcproj", "{F87EA74C-74D2-4486-802B-370474BF6BA4}"
EndProject
Project("{8BC9CEB8-8B4A-11D0-8D11-00A0C91BC942}") = "DI_StaticDI", "DI_StaticDI\StaticDI.vcproj", "{84095F52-2583-497D-AF62-5C166CAB5011}"
EndProject
Project("{8BC9CEB8-8B4A-11D0-8D11-00A0C91BC942}") = "DO_StaticDO", "DO_StaticDO\StaticDO.vcproj", "{E852EBD2-863C-4F82-A1CA-E4B19A0831D5}"
EndProject
Project("{8BC9CEB8-8B4A-11D0-8D11-00A0C91BC942}") = "DI_DIInterrupt", "DI_DIInterrupt\DIInterrupt.vcproj", "{6C1D8781-22FB-42C9-95F0-7B4D31E52B7E}"
EndProject
Project("{8BC9CEB8-8B4A-11D0-8D11-00A0C91BC942}") = "DI_DIPatternMatchInterrupt", "DI_DIPatternMatchInterrupt\DIPatternMatchInterrupt.vcproj", "{2A721BAC-201B-4882-ADD4-470F0D5AC54B}"
EndProject
Project("{8BC9CEB8-8B4A-11D0-8D11-00A0C91BC942}") = "DI_DIStatusChangeInterrupt", "DI_DIStatusChangeInterrupt\DIStatusChangeInterrupt.vcproj", "{94ED3141-00C4-459D-B33F-6B94A5C7FE68}"
EndProject
Project("{8BC9CEB8-8B4A-11D0-8D11-00A0C91BC942}") = "AI_AsynOneBufferedAI_TDtp", "AI_AsynOneBUfferedAI_TDtp\AI_AsynOneBUfferedAI_TDtp.vcproj", "{3038AA8F-5855-44A5-AD98-59C878A49A04}"
EndProject
Project("{8BC9CEB8-8B4A-11D0-8D11-00A0C91BC942}") = "AI_AsynOneBufferedAI_TDtr", "AI_AsynOneBUfferedAI_TDtr\AsynOneBUfferedAI_TDtr.vcproj", "{4444496B-5B1C-481E-B360-CB2229CCE82B}"
EndProject
Project("{8BC9CEB8-8B4A-11D0-8D11-00A0C91BC942}") = "AI_StreamingAI_TDtr", "AI_StreamingAI_TDtr\StreamingAI_TDtr.vcproj", "{819CAC18-2CAC-4CF0-BBD0-3E283D76E856}"
EndProject
Project("{8BC9CEB8-8B4A-11D0-8D11-00A0C91BC942}") = "AI_SynchronousOneBufferedAI", "AI_SynchronousOneBufferedAI\SynchronousOneBufferedAI.vcproj", "{D9229425-013D-4821-B490-4C4D1239092B}"
EndProject
Project("{8BC9CEB8-8B4A-11D0-8D11-00A0C91BC942}") = "AI_InstantAI", "AI_InstantAI\InstantAI.vcproj", "{5151472E-54C3-4797-A77B-A07476A5686C}"
EndProject
Project("{8BC9CEB8-8B4A-11D0-8D11-00A0C91BC942}") = "Counter_ContinueCompare", "Counter_ContinueCompare\ContinueCompare.vcproj", "{D72DCCF5-3372-426B-952D-0964C03097B2}"
EndProject
Project("{8BC9CEB8-8B4A-11D0-8D11-00A0C91BC942}") = "Counter_SnapCounter", "Counter_SnapCounter\SnapCounter.vcproj", "{9C5B8DB8-6031-4223-9DE2-B63CF102977D}"
EndProject
Project("{8BC9CEB8-8B4A-11D0-8D11-00A0C91BC942}") = "Counter_UpDownCounter", "Counter_UpDownCounter\UpDownCounter.vcproj", "{81BA9F39-FC61-46FD-84FE-AF3F87088121}"
EndProject
Project("{8BC9CEB8-8B4A-11D0-8D11-00A0C91BC942}") = "AI_AsynOneBufferedAI_TDtrtp", "AI_AsynOneBufferedAI_TDtrtp\AsynOneBufferedAI_TDtrtp.vcproj", "{3FB410ED-6D95-41EE-B658-1810E2CECB33}"
EndProject
Global
	GlobalSection(SolutionConfigurationPlatforms) = preSolution
		Debug|Any CPU = Debug|Any CPU
		Debug|Mixed Platforms = Debug|Mixed Platforms
		Debug|Win32 = Debug|Win32
		Release|Any CPU = Release|Any CPU
		Release|Mixed Platforms = Release|Mixed Platforms
		Release|Win32 = Release|Win32
	EndGlobalSection
	GlobalSection(ProjectConfigurationPlatforms) = postSolution
		{157060EC-6517-4A46-9E3F-63D7C5DFB7B1}.Debug|Any CPU.ActiveCfg = Debug|Win32
		{157060EC-6517-4A46-9E3F-63D7C5DFB7B1}.Debug|Mixed Platforms.ActiveCfg = Debug|Win32
		{157060EC-6517-4A46-9E3F-63D7C5DFB7B1}.Debug|Mixed Platforms.Build.0 = Debug|Win32
		{157060EC-6517-4A46-9E3F-63D7C5DFB7B1}.Debug|Win32.ActiveCfg = Debug|Win32
		{157060EC-6517-4A46-9E3F-63D7C5DFB7B1}.Debug|Win32.Build.0 = Debug|Win32
		{157060EC-6517-4A46-9E3F-63D7C5DFB7B1}.Release|Any CPU.ActiveCfg = Release|Win32
		{157060EC-6517-4A46-9E3F-63D7C5DFB7B1}.Release|Mixed Platforms.ActiveCfg = Release|Win32
		{157060EC-6517-4A46-9E3F-63D7C5DFB7B1}.Release|Mixed Platforms.Build.0 = Release|Win32
		{157060EC-6517-4A46-9E3F-63D7C5DFB7B1}.Release|Win32.ActiveCfg = Release|Win32
		{157060EC-6517-4A46-9E3F-63D7C5DFB7B1}.Release|Win32.Build.0 = Release|Win32
		{B3309E7B-285D-44E1-A8DE-1B7085CDD3FC}.Debug|Any CPU.ActiveCfg = Debug|Win32
		{B3309E7B-285D-44E1-A8DE-1B7085CDD3FC}.Debug|Mixed Platforms.ActiveCfg = Debug|Win32
		{B3309E7B-285D-44E1-A8DE-1B7085CDD3FC}.Debug|Mixed Platforms.Build.0 = Debug|Win32
		{B3309E7B-285D-44E1-A8DE-1B7085CDD3FC}.Debug|Win32.ActiveCfg = Debug|Win32
		{B3309E7B-285D-44E1-A8DE-1B7085CDD3FC}.Debug|Win32.Build.0 = Debug|Win32
		{B3309E7B-285D-44E1-A8DE-1B7085CDD3FC}.Release|Any CPU.ActiveCfg = Release|Win32
		{B3309E7B-285D-44E1-A8DE-1B7085CDD3FC}.Release|Mixed Platforms.ActiveCfg = Release|Win32
		{B3309E7B-285D-44E1-A8DE-1B7085CDD3FC}.Release|Mixed Platforms.Build.0 = Release|Win32
		{B3309E7B-285D-44E1-A8DE-1B7085CDD3FC}.Release|Win32.ActiveCfg = Release|Win32
		{B3309E7B-285D-44E1-A8DE-1B7085CDD3FC}.Release|Win32.Build.0 = Release|Win32
		{15C2A02F-7077-4039-9FEC-1CBDD6F68F8D}.Debug|Any CPU.ActiveCfg = Debug|Win32
		{15C2A02F-7077-4039-9FEC-1CBDD6F68F8D}.Debug|Mixed Platforms.ActiveCfg = Debug|Win32
		{15C2A02F-7077-4039-9FEC-1CBDD6F68F8D}.Debug|Mixed Platforms.Build.0 = Debug|Win32
		{15C2A02F-7077-4039-9FEC-1CBDD6F68F8D}.Debug|Win32.ActiveCfg = Debug|Win32
		{15C2A02F-7077-4039-9FEC-1CBDD6F68F8D}.Debug|Win32.Build.0 = Debug|Win32
		{15C2A02F-7077-4039-9FEC-1CBDD6F68F8D}.Release|Any CPU.ActiveCfg = Release|Win32
		{15C2A02F-7077-4039-9FEC-1CBDD6F68F8D}.Release|Mixed Platforms.ActiveCfg = Release|Win32
		{15C2A02F-7077-4039-9FEC-1CBDD6F68F8D}.Release|Mixed Platforms.Build.0 = Release|Win32
		{15C2A02F-7077-4039-9FEC-1CBDD6F68F8D}.Release|Win32.ActiveCfg = Release|Win32
		{15C2A02F-7077-4039-9FEC-1CBDD6F68F8D}.Release|Win32.Build.0 = Release|Win32
		{F71141AC-9373-4178-B8E5-16A84BC0D1C0}.Debug|Any CPU.ActiveCfg = Debug|Win32
		{F71141AC-9373-4178-B8E5-16A84BC0D1C0}.Debug|Mixed Platforms.ActiveCfg = Debug|Win32
		{F71141AC-9373-4178-B8E5-16A84BC0D1C0}.Debug|Mixed Platforms.Build.0 = Debug|Win32
		{F71141AC-9373-4178-B8E5-16A84BC0D1C0}.Debug|Win32.ActiveCfg = Debug|Win32
		{F71141AC-9373-4178-B8E5-16A84BC0D1C0}.Debug|Win32.Build.0 = Debug|Win32
		{F71141AC-9373-4178-B8E5-16A84BC0D1C0}.Release|Any CPU.ActiveCfg = Release|Win32
		{F71141AC-9373-4178-B8E5-16A84BC0D1C0}.Release|Mixed Platforms.ActiveCfg = Release|Win32
		{F71141AC-9373-4178-B8E5-16A84BC0D1C0}.Release|Mixed Platforms.Build.0 = Release|Win32
		{F71141AC-9373-4178-B8E5-16A84BC0D1C0}.Release|Win32.ActiveCfg = Release|Win32
		{F71141AC-9373-4178-B8E5-16A84BC0D1C0}.Release|Win32.Build.0 = Release|Win32
		{D209BE24-57A4-4E59-9402-AC27A0EB9F2B}.Debug|Any CPU.ActiveCfg = Debug|Win32
		{D209BE24-57A4-4E59-9402-AC27A0EB9F2B}.Debug|Mixed Platforms.ActiveCfg = Debug|Win32
		{D209BE24-57A4-4E59-9402-AC27A0EB9F2B}.Debug|Mixed Platforms.Build.0 = Debug|Win32
		{D209BE24-57A4-4E59-9402-AC27A0EB9F2B}.Debug|Win32.ActiveCfg = Debug|Win32
		{D209BE24-57A4-4E59-9402-AC27A0EB9F2B}.Debug|Win32.Build.0 = Debug|Win32
		{D209BE24-57A4-4E59-9402-AC27A0EB9F2B}.Release|Any CPU.ActiveCfg = Release|Win32
		{D209BE24-57A4-4E59-9402-AC27A0EB9F2B}.Release|Mixed Platforms.ActiveCfg = Release|Win32
		{D209BE24-57A4-4E59-9402-AC27A0EB9F2B}.Release|Mixed Platforms.Build.0 = Release|Win32
		{D209BE24-57A4-4E59-9402-AC27A0EB9F2B}.Release|Win32.ActiveCfg = Release|Win32
		{D209BE24-57A4-4E59-9402-AC27A0EB9F2B}.Release|Win32.Build.0 = Release|Win32
		{D9C5BD2A-8403-455E-8DF6-FBACAAD6FE55}.Debug|Any CPU.ActiveCfg = Debug|Win32
		{D9C5BD2A-8403-455E-8DF6-FBACAAD6FE55}.Debug|Mixed Platforms.ActiveCfg = Debug|Win32
		{D9C5BD2A-8403-455E-8DF6-FBACAAD6FE55}.Debug|Mixed Platforms.Build.0 = Debug|Win32
		{D9C5BD2A-8403-455E-8DF6-FBACAAD6FE55}.Debug|Win32.ActiveCfg = Debug|Win32
		{D9C5BD2A-8403-455E-8DF6-FBACAAD6FE55}.Debug|Win32.Build.0 = Debug|Win32
		{D9C5BD2A-8403-455E-8DF6-FBACAAD6FE55}.Release|Any CPU.ActiveCfg = Release|Win32
		{D9C5BD2A-8403-455E-8DF6-FBACAAD6FE55}.Release|Mixed Platforms.ActiveCfg = Release|Win32
		{D9C5BD2A-8403-455E-8DF6-FBACAAD6FE55}.Release|Mixed Platforms.Build.0 = Release|Win32
		{D9C5BD2A-8403-455E-8DF6-FBACAAD6FE55}.Release|Win32.ActiveCfg = Release|Win32
		{D9C5BD2A-8403-455E-8DF6-FBACAAD6FE55}.Release|Win32.Build.0 = Release|Win32
		{50553DD2-618B-4CC6-A899-6FE782124C50}.Debug|Any CPU.ActiveCfg = Debug|Win32
		{50553DD2-618B-4CC6-A899-6FE782124C50}.Debug|Mixed Platforms.ActiveCfg = Debug|Win32
		{50553DD2-618B-4CC6-A899-6FE782124C50}.Debug|Mixed Platforms.Build.0 = Debug|Win32
		{50553DD2-618B-4CC6-A899-6FE782124C50}.Debug|Win32.ActiveCfg = Debug|Win32
		{50553DD2-618B-4CC6-A899-6FE782124C50}.Debug|Win32.Build.0 = Debug|Win32
		{50553DD2-618B-4CC6-A899-6FE782124C50}.Release|Any CPU.ActiveCfg = Release|Win32
		{50553DD2-618B-4CC6-A899-6FE782124C50}.Release|Mixed Platforms.ActiveCfg = Release|Win32
		{50553DD2-618B-4CC6-A899-6FE782124C50}.Release|Mixed Platforms.Build.0 = Release|Win32
		{50553DD2-618B-4CC6-A899-6FE782124C50}.Release|Win32.ActiveCfg = Release|Win32
		{50553DD2-618B-4CC6-A899-6FE782124C50}.Release|Win32.Build.0 = Release|Win32
		{A1547A94-9B2F-4394-B733-53EF039E8214}.Debug|Any CPU.ActiveCfg = Debug|Win32
		{A1547A94-9B2F-4394-B733-53EF039E8214}.Debug|Mixed Platforms.ActiveCfg = Debug|Win32
		{A1547A94-9B2F-4394-B733-53EF039E8214}.Debug|Mixed Platforms.Build.0 = Debug|Win32
		{A1547A94-9B2F-4394-B733-53EF039E8214}.Debug|Win32.ActiveCfg = Debug|Win32
		{A1547A94-9B2F-4394-B733-53EF039E8214}.Debug|Win32.Build.0 = Debug|Win32
		{A1547A94-9B2F-4394-B733-53EF039E8214}.Release|Any CPU.ActiveCfg = Release|Win32
		{A1547A94-9B2F-4394-B733-53EF039E8214}.Release|Mixed Platforms.ActiveCfg = Release|Win32
		{A1547A94-9B2F-4394-B733-53EF039E8214}.Release|Mixed Platforms.Build.0 = Release|Win32
		{A1547A94-9B2F-4394-B733-53EF039E8214}.Release|Win32.ActiveCfg = Release|Win32
		{A1547A94-9B2F-4394-B733-53EF039E8214}.Release|Win32.Build.0 = Release|Win32
		{7DE54497-DD7A-4E1F-A7BA-E27B0DF45C0C}.Debug|Any CPU.ActiveCfg = Debug|Win32
		{7DE54497-DD7A-4E1F-A7BA-E27B0DF45C0C}.Debug|Mixed Platforms.ActiveCfg = Debug|Win32
		{7DE54497-DD7A-4E1F-A7BA-E27B0DF45C0C}.Debug|Mixed Platforms.Build.0 = Debug|Win32
		{7DE54497-DD7A-4E1F-A7BA-E27B0DF45C0C}.Debug|Win32.ActiveCfg = Debug|Win32
		{7DE54497-DD7A-4E1F-A7BA-E27B0DF45C0C}.Debug|Win32.Build.0 = Debug|Win32
		{7DE54497-DD7A-4E1F-A7BA-E27B0DF45C0C}.Release|Any CPU.ActiveCfg = Release|Win32
		{7DE54497-DD7A-4E1F-A7BA-E27B0DF45C0C}.Release|Mixed Platforms.ActiveCfg = Release|Win32
		{7DE54497-DD7A-4E1F-A7BA-E27B0DF45C0C}.Release|Mixed Platforms.Build.0 = Release|Win32
		{7DE54497-DD7A-4E1F-A7BA-E27B0DF45C0C}.Release|Win32.ActiveCfg = Release|Win32
		{7DE54497-DD7A-4E1F-A7BA-E27B0DF45C0C}.Release|Win32.Build.0 = Release|Win32
		{875D6FCA-6845-4F77-B854-091F4DBC057B}.Debug|Any CPU.ActiveCfg = Debug|Win32
		{875D6FCA-6845-4F77-B854-091F4DBC057B}.Debug|Mixed Platforms.ActiveCfg = Debug|Win32
		{875D6FCA-6845-4F77-B854-091F4DBC057B}.Debug|Mixed Platforms.Build.0 = Debug|Win32
		{875D6FCA-6845-4F77-B854-091F4DBC057B}.Debug|Win32.ActiveCfg = Debug|Win32
		{875D6FCA-6845-4F77-B854-091F4DBC057B}.Debug|Win32.Build.0 = Debug|Win32
		{875D6FCA-6845-4F77-B854-091F4DBC057B}.Release|Any CPU.ActiveCfg = Release|Win32
		{875D6FCA-6845-4F77-B854-091F4DBC057B}.Release|Mixed Platforms.ActiveCfg = Release|Win32
		{875D6FCA-6845-4F77-B854-091F4DBC057B}.Release|Mixed Platforms.Build.0 = Release|Win32
		{875D6FCA-6845-4F77-B854-091F4DBC057B}.Release|Win32.ActiveCfg = Release|Win32
		{875D6FCA-6845-4F77-B854-091F4DBC057B}.Release|Win32.Build.0 = Release|Win32
		{BB71800E-7C4F-48F0-B427-839F9798593C}.Debug|Any CPU.ActiveCfg = Debug|Win32
		{BB71800E-7C4F-48F0-B427-839F9798593C}.Debug|Mixed Platforms.ActiveCfg = Debug|Win32
		{BB71800E-7C4F-48F0-B427-839F9798593C}.Debug|Mixed Platforms.Build.0 = Debug|Win32
		{BB71800E-7C4F-48F0-B427-839F9798593C}.Debug|Win32.ActiveCfg = Debug|Win32
		{BB71800E-7C4F-48F0-B427-839F9798593C}.Debug|Win32.Build.0 = Debug|Win32
		{BB71800E-7C4F-48F0-B427-839F9798593C}.Release|Any CPU.ActiveCfg = Release|Win32
		{BB71800E-7C4F-48F0-B427-839F9798593C}.Release|Mixed Platforms.ActiveCfg = Release|Win32
		{BB71800E-7C4F-48F0-B427-839F9798593C}.Release|Mixed Platforms.Build.0 = Release|Win32
		{BB71800E-7C4F-48F0-B427-839F9798593C}.Release|Win32.ActiveCfg = Release|Win32
		{BB71800E-7C4F-48F0-B427-839F9798593C}.Release|Win32.Build.0 = Release|Win32
		{F87EA74C-74D2-4486-802B-370474BF6BA4}.Debug|Any CPU.ActiveCfg = Debug|Win32
		{F87EA74C-74D2-4486-802B-370474BF6BA4}.Debug|Mixed Platforms.ActiveCfg = Debug|Win32
		{F87EA74C-74D2-4486-802B-370474BF6BA4}.Debug|Mixed Platforms.Build.0 = Debug|Win32
		{F87EA74C-74D2-4486-802B-370474BF6BA4}.Debug|Win32.ActiveCfg = Debug|Win32
		{F87EA74C-74D2-4486-802B-370474BF6BA4}.Debug|Win32.Build.0 = Debug|Win32
		{F87EA74C-74D2-4486-802B-370474BF6BA4}.Release|Any CPU.ActiveCfg = Release|Win32
		{F87EA74C-74D2-4486-802B-370474BF6BA4}.Release|Mixed Platforms.ActiveCfg = Release|Win32
		{F87EA74C-74D2-4486-802B-370474BF6BA4}.Release|Mixed Platforms.Build.0 = Release|Win32
		{F87EA74C-74D2-4486-802B-370474BF6BA4}.Release|Win32.ActiveCfg = Release|Win32
		{F87EA74C-74D2-4486-802B-370474BF6BA4}.Release|Win32.Build.0 = Release|Win32
		{84095F52-2583-497D-AF62-5C166CAB5011}.Debug|Any CPU.ActiveCfg = Debug|Win32
		{84095F52-2583-497D-AF62-5C166CAB5011}.Debug|Mixed Platforms.ActiveCfg = Debug|Win32
		{84095F52-2583-497D-AF62-5C166CAB5011}.Debug|Mixed Platforms.Build.0 = Debug|Win32
		{84095F52-2583-497D-AF62-5C166CAB5011}.Debug|Win32.ActiveCfg = Debug|Win32
		{84095F52-2583-497D-AF62-5C166CAB5011}.Debug|Win32.Build.0 = Debug|Win32
		{84095F52-2583-497D-AF62-5C166CAB5011}.Release|Any CPU.ActiveCfg = Release|Win32
		{84095F52-2583-497D-AF62-5C166CAB5011}.Release|Mixed Platforms.ActiveCfg = Release|Win32
		{84095F52-2583-497D-AF62-5C166CAB5011}.Release|Mixed Platforms.Build.0 = Release|Win32
		{84095F52-2583-497D-AF62-5C166CAB5011}.Release|Win32.ActiveCfg = Release|Win32
		{84095F52-2583-497D-AF62-5C166CAB5011}.Release|Win32.Build.0 = Release|Win32
		{E852EBD2-863C-4F82-A1CA-E4B19A0831D5}.Debug|Any CPU.ActiveCfg = Debug|Win32
		{E852EBD2-863C-4F82-A1CA-E4B19A0831D5}.Debug|Mixed Platforms.ActiveCfg = Debug|Win32
		{E852EBD2-863C-4F82-A1CA-E4B19A0831D5}.Debug|Mixed Platforms.Build.0 = Debug|Win32
		{E852EBD2-863C-4F82-A1CA-E4B19A0831D5}.Debug|Win32.ActiveCfg = Debug|Win32
		{E852EBD2-863C-4F82-A1CA-E4B19A0831D5}.Debug|Win32.Build.0 = Debug|Win32
		{E852EBD2-863C-4F82-A1CA-E4B19A0831D5}.Release|Any CPU.ActiveCfg = Release|Win32
		{E852EBD2-863C-4F82-A1CA-E4B19A0831D5}.Release|Mixed Platforms.ActiveCfg = Release|Win32
		{E852EBD2-863C-4F82-A1CA-E4B19A0831D5}.Release|Mixed Platforms.Build.0 = Release|Win32
		{E852EBD2-863C-4F82-A1CA-E4B19A0831D5}.Release|Win32.ActiveCfg = Release|Win32
		{E852EBD2-863C-4F82-A1CA-E4B19A0831D5}.Release|Win32.Build.0 = Release|Win32
		{6C1D8781-22FB-42C9-95F0-7B4D31E52B7E}.Debug|Any CPU.ActiveCfg = Debug|Win32
		{6C1D8781-22FB-42C9-95F0-7B4D31E52B7E}.Debug|Mixed Platforms.ActiveCfg = Debug|Win32
		{6C1D8781-22FB-42C9-95F0-7B4D31E52B7E}.Debug|Mixed Platforms.Build.0 = Debug|Win32
		{6C1D8781-22FB-42C9-95F0-7B4D31E52B7E}.Debug|Win32.ActiveCfg = Debug|Win32
		{6C1D8781-22FB-42C9-95F0-7B4D31E52B7E}.Debug|Win32.Build.0 = Debug|Win32
		{6C1D8781-22FB-42C9-95F0-7B4D31E52B7E}.Release|Any CPU.ActiveCfg = Release|Win32
		{6C1D8781-22FB-42C9-95F0-7B4D31E52B7E}.Release|Mixed Platforms.ActiveCfg = Release|Win32
		{6C1D8781-22FB-42C9-95F0-7B4D31E52B7E}.Release|Mixed Platforms.Build.0 = Release|Win32
		{6C1D8781-22FB-42C9-95F0-7B4D31E52B7E}.Release|Win32.ActiveCfg = Release|Win32
		{6C1D8781-22FB-42C9-95F0-7B4D31E52B7E}.Release|Win32.Build.0 = Release|Win32
		{2A721BAC-201B-4882-ADD4-470F0D5AC54B}.Debug|Any CPU.ActiveCfg = Debug|Win32
		{2A721BAC-201B-4882-ADD4-470F0D5AC54B}.Debug|Mixed Platforms.ActiveCfg = Debug|Win32
		{2A721BAC-201B-4882-ADD4-470F0D5AC54B}.Debug|Mixed Platforms.Build.0 = Debug|Win32
		{2A721BAC-201B-4882-ADD4-470F0D5AC54B}.Debug|Win32.ActiveCfg = Debug|Win32
		{2A721BAC-201B-4882-ADD4-470F0D5AC54B}.Debug|Win32.Build.0 = Debug|Win32
		{2A721BAC-201B-4882-ADD4-470F0D5AC54B}.Release|Any CPU.ActiveCfg = Release|Win32
		{2A721BAC-201B-4882-ADD4-470F0D5AC54B}.Release|Mixed Platforms.ActiveCfg = Release|Win32
		{2A721BAC-201B-4882-ADD4-470F0D5AC54B}.Release|Mixed Platforms.Build.0 = Release|Win32
		{2A721BAC-201B-4882-ADD4-470F0D5AC54B}.Release|Win32.ActiveCfg = Release|Win32
		{2A721BAC-201B-4882-ADD4-470F0D5AC54B}.Release|Win32.Build.0 = Release|Win32
		{94ED3141-00C4-459D-B33F-6B94A5C7FE68}.Debug|Any CPU.ActiveCfg = Debug|Win32
		{94ED3141-00C4-459D-B33F-6B94A5C7FE68}.Debug|Mixed Platforms.ActiveCfg = Debug|Win32
		{94ED3141-00C4-459D-B33F-6B94A5C7FE68}.Debug|Mixed Platforms.Build.0 = Debug|Win32
		{94ED3141-00C4-459D-B33F-6B94A5C7FE68}.Debug|Win32.ActiveCfg = Debug|Win32
		{94ED3141-00C4-459D-B33F-6B94A5C7FE68}.Debug|Win32.Build.0 = Debug|Win32
		{94ED3141-00C4-459D-B33F-6B94A5C7FE68}.Release|Any CPU.ActiveCfg = Release|Win32
		{94ED3141-00C4-459D-B33F-6B94A5C7FE68}.Release|Mixed Platforms.ActiveCfg = Release|Win32
		{94ED3141-00C4-459D-B33F-6B94A5C7FE68}.Release|Mixed Platforms.Build.0 = Release|Win32
		{94ED3141-00C4-459D-B33F-6B94A5C7FE68}.Release|Win32.ActiveCfg = Release|Win32
		{94ED3141-00C4-459D-B33F-6B94A5C7FE68}.Release|Win32.Build.0 = Release|Win32
		{3038AA8F-5855-44A5-AD98-59C878A49A04}.Debug|Any CPU.ActiveCfg = Debug|Win32
		{3038AA8F-5855-44A5-AD98-59C878A49A04}.Debug|Mixed Platforms.ActiveCfg = Debug|Win32
		{3038AA8F-5855-44A5-AD98-59C878A49A04}.Debug|Mixed Platforms.Build.0 = Debug|Win32
		{3038AA8F-5855-44A5-AD98-59C878A49A04}.Debug|Win32.ActiveCfg = Debug|Win32
		{3038AA8F-5855-44A5-AD98-59C878A49A04}.Debug|Win32.Build.0 = Debug|Win32
		{3038AA8F-5855-44A5-AD98-59C878A49A04}.Release|Any CPU.ActiveCfg = Release|Win32
		{3038AA8F-5855-44A5-AD98-59C878A49A04}.Release|Mixed Platforms.ActiveCfg = Release|Win32
		{3038AA8F-5855-44A5-AD98-59C878A49A04}.Release|Mixed Platforms.Build.0 = Release|Win32
		{3038AA8F-5855-44A5-AD98-59C878A49A04}.Release|Win32.ActiveCfg = Release|Win32
		{3038AA8F-5855-44A5-AD98-59C878A49A04}.Release|Win32.Build.0 = Release|Win32
		{4444496B-5B1C-481E-B360-CB2229CCE82B}.Debug|Any CPU.ActiveCfg = Debug|Win32
		{4444496B-5B1C-481E-B360-CB2229CCE82B}.Debug|Mixed Platforms.ActiveCfg = Debug|Win32
		{4444496B-5B1C-481E-B360-CB2229CCE82B}.Debug|Mixed Platforms.Build.0 = Debug|Win32
		{4444496B-5B1C-481E-B360-CB2229CCE82B}.Debug|Win32.ActiveCfg = Debug|Win32
		{4444496B-5B1C-481E-B360-CB2229CCE82B}.Debug|Win32.Build.0 = Debug|Win32
		{4444496B-5B1C-481E-B360-CB2229CCE82B}.Release|Any CPU.ActiveCfg = Release|Win32
		{4444496B-5B1C-481E-B360-CB2229CCE82B}.Release|Mixed Platforms.ActiveCfg = Release|Win32
		{4444496B-5B1C-481E-B360-CB2229CCE82B}.Release|Mixed Platforms.Build.0 = Release|Win32
		{4444496B-5B1C-481E-B360-CB2229CCE82B}.Release|Win32.ActiveCfg = Release|Win32
		{4444496B-5B1C-481E-B360-CB2229CCE82B}.Release|Win32.Build.0 = Release|Win32
		{819CAC18-2CAC-4CF0-BBD0-3E283D76E856}.Debug|Any CPU.ActiveCfg = Debug|Win32
		{819CAC18-2CAC-4CF0-BBD0-3E283D76E856}.Debug|Mixed Platforms.ActiveCfg = Debug|Win32
		{819CAC18-2CAC-4CF0-BBD0-3E283D76E856}.Debug|Mixed Platforms.Build.0 = Debug|Win32
		{819CAC18-2CAC-4CF0-BBD0-3E283D76E856}.Debug|Win32.ActiveCfg = Debug|Win32
		{819CAC18-2CAC-4CF0-BBD0-3E283D76E856}.Debug|Win32.Build.0 = Debug|Win32
		{819CAC18-2CAC-4CF0-BBD0-3E283D76E856}.Release|Any CPU.ActiveCfg = Release|Win32
		{819CAC18-2CAC-4CF0-BBD0-3E283D76E856}.Release|Mixed Platforms.ActiveCfg = Release|Win32
		{819CAC18-2CAC-4CF0-BBD0-3E283D76E856}.Release|Mixed Platforms.Build.0 = Release|Win32
		{819CAC18-2CAC-4CF0-BBD0-3E283D76E856}.Release|Win32.ActiveCfg = Release|Win32
		{819CAC18-2CAC-4CF0-BBD0-3E283D76E856}.Release|Win32.Build.0 = Release|Win32
		{D9229425-013D-4821-B490-4C4D1239092B}.Debug|Any CPU.ActiveCfg = Debug|Win32
		{D9229425-013D-4821-B490-4C4D1239092B}.Debug|Mixed Platforms.ActiveCfg = Debug|Win32
		{D9229425-013D-4821-B490-4C4D1239092B}.Debug|Mixed Platforms.Build.0 = Debug|Win32
		{D9229425-013D-4821-B490-4C4D1239092B}.Debug|Win32.ActiveCfg = Debug|Win32
		{D9229425-013D-4821-B490-4C4D1239092B}.Debug|Win32.Build.0 = Debug|Win32
		{D9229425-013D-4821-B490-4C4D1239092B}.Release|Any CPU.ActiveCfg = Release|Win32
		{D9229425-013D-4821-B490-4C4D1239092B}.Release|Mixed Platforms.ActiveCfg = Release|Win32
		{D9229425-013D-4821-B490-4C4D1239092B}.Release|Mixed Platforms.Build.0 = Release|Win32
		{D9229425-013D-4821-B490-4C4D1239092B}.Release|Win32.ActiveCfg = Release|Win32
		{D9229425-013D-4821-B490-4C4D1239092B}.Release|Win32.Build.0 = Release|Win32
		{5151472E-54C3-4797-A77B-A07476A5686C}.Debug|Any CPU.ActiveCfg = Debug|Win32
		{5151472E-54C3-4797-A77B-A07476A5686C}.Debug|Mixed Platforms.ActiveCfg = Debug|Win32
		{5151472E-54C3-4797-A77B-A07476A5686C}.Debug|Mixed Platforms.Build.0 = Debug|Win32
		{5151472E-54C3-4797-A77B-A07476A5686C}.Debug|Win32.ActiveCfg = Debug|Win32
		{5151472E-54C3-4797-A77B-A07476A5686C}.Debug|Win32.Build.0 = Debug|Win32
		{5151472E-54C3-4797-A77B-A07476A5686C}.Release|Any CPU.ActiveCfg = Release|Win32
		{5151472E-54C3-4797-A77B-A07476A5686C}.Release|Mixed Platforms.ActiveCfg = Release|Win32
		{5151472E-54C3-4797-A77B-A07476A5686C}.Release|Mixed Platforms.Build.0 = Release|Win32
		{5151472E-54C3-4797-A77B-A07476A5686C}.Release|Win32.ActiveCfg = Release|Win32
		{5151472E-54C3-4797-A77B-A07476A5686C}.Release|Win32.Build.0 = Release|Win32
		{D72DCCF5-3372-426B-952D-0964C03097B2}.Debug|Any CPU.ActiveCfg = Debug|Win32
		{D72DCCF5-3372-426B-952D-0964C03097B2}.Debug|Mixed Platforms.ActiveCfg = Debug|Win32
		{D72DCCF5-3372-426B-952D-0964C03097B2}.Debug|Mixed Platforms.Build.0 = Debug|Win32
		{D72DCCF5-3372-426B-952D-0964C03097B2}.Debug|Win32.ActiveCfg = Debug|Win32
		{D72DCCF5-3372-426B-952D-0964C03097B2}.Debug|Win32.Build.0 = Debug|Win32
		{D72DCCF5-3372-426B-952D-0964C03097B2}.Release|Any CPU.ActiveCfg = Release|Win32
		{D72DCCF5-3372-426B-952D-0964C03097B2}.Release|Mixed Platforms.ActiveCfg = Release|Win32
		{D72DCCF5-3372-426B-952D-0964C03097B2}.Release|Mixed Platforms.Build.0 = Release|Win32
		{D72DCCF5-3372-426B-952D-0964C03097B2}.Release|Win32.ActiveCfg = Release|Win32
		{D72DCCF5-3372-426B-952D-0964C03097B2}.Release|Win32.Build.0 = Release|Win32
		{9C5B8DB8-6031-4223-9DE2-B63CF102977D}.Debug|Any CPU.ActiveCfg = Debug|Win32
		{9C5B8DB8-6031-4223-9DE2-B63CF102977D}.Debug|Mixed Platforms.ActiveCfg = Debug|Win32
		{9C5B8DB8-6031-4223-9DE2-B63CF102977D}.Debug|Mixed Platforms.Build.0 = Debug|Win32
		{9C5B8DB8-6031-4223-9DE2-B63CF102977D}.Debug|Win32.ActiveCfg = Debug|Win32
		{9C5B8DB8-6031-4223-9DE2-B63CF102977D}.Debug|Win32.Build.0 = Debug|Win32
		{9C5B8DB8-6031-4223-9DE2-B63CF102977D}.Release|Any CPU.ActiveCfg = Release|Win32
		{9C5B8DB8-6031-4223-9DE2-B63CF102977D}.Release|Mixed Platforms.ActiveCfg = Release|Win32
		{9C5B8DB8-6031-4223-9DE2-B63CF102977D}.Release|Mixed Platforms.Build.0 = Release|Win32
		{9C5B8DB8-6031-4223-9DE2-B63CF102977D}.Release|Win32.ActiveCfg = Release|Win32
		{9C5B8DB8-6031-4223-9DE2-B63CF102977D}.Release|Win32.Build.0 = Release|Win32
		{81BA9F39-FC61-46FD-84FE-AF3F87088121}.Debug|Any CPU.ActiveCfg = Debug|Win32
		{81BA9F39-FC61-46FD-84FE-AF3F87088121}.Debug|Mixed Platforms.ActiveCfg = Debug|Win32
		{81BA9F39-FC61-46FD-84FE-AF3F87088121}.Debug|Mixed Platforms.Build.0 = Debug|Win32
		{81BA9F39-FC61-46FD-84FE-AF3F87088121}.Debug|Win32.ActiveCfg = Debug|Win32
		{81BA9F39-FC61-46FD-84FE-AF3F87088121}.Debug|Win32.Build.0 = Debug|Win32
		{81BA9F39-FC61-46FD-84FE-AF3F87088121}.Release|Any CPU.ActiveCfg = Release|Win32
		{81BA9F39-FC61-46FD-84FE-AF3F87088121}.Release|Mixed Platforms.ActiveCfg = Release|Win32
		{81BA9F39-FC61-46FD-84FE-AF3F87088121}.Release|Mixed Platforms.Build.0 = Release|Win32
		{81BA9F39-FC61-46FD-84FE-AF3F87088121}.Release|Win32.ActiveCfg = Release|Win32
		{81BA9F39-FC61-46FD-84FE-AF3F87088121}.Release|Win32.Build.0 = Release|Win32
		{3FB410ED-6D95-41EE-B658-1810E2CECB33}.Debug|Any CPU.ActiveCfg = Debug|Win32
		{3FB410ED-6D95-41EE-B658-1810E2CECB33}.Debug|Mixed Platforms.ActiveCfg = Debug|Win32
		{3FB410ED-6D95-41EE-B658-1810E2CECB33}.Debug|Mixed Platforms.Build.0 = Debug|Win32
		{3FB410ED-6D95-41EE-B658-1810E2CECB33}.Debug|Win32.ActiveCfg = Debug|Win32
		{3FB410ED-6D95-41EE-B658-1810E2CECB33}.Debug|Win32.Build.0 = Debug|Win32
		{3FB410ED-6D95-41EE-B658-1810E2CECB33}.Release|Any CPU.ActiveCfg = Release|Win32
		{3FB410ED-6D95-41EE-B658-1810E2CECB33}.Release|Mixed Platforms.ActiveCfg = Release|Win32
		{3FB410ED-6D95-41EE-B658-1810E2CECB33}.Release|Mixed Platforms.Build.0 = Release|Win32
		{3FB410ED-6D95-41EE-B658-1810E2CECB33}.Release|Win32.ActiveCfg = Release|Win32
		{3FB410ED-6D95-41EE-B658-1810E2CECB33}.Release|Win32.Build.0 = Release|Win32
	EndGlobalSection
	GlobalSection(SolutionProperties) = preSolution
		HideSolutionNode = FALSE
	EndGlobalSection
EndGlobal
